<?xml version="1.0" encoding="utf-8"?>
<Project ToolsVersion="4.0" xmlns="http://schemas.microsoft.com/developer/msbuild/2003">
  <ItemGroup>
    <Filter Include="Source Files">
      <UniqueIdentifier>{4FC737F1-C7A5-4376-A066-2A32D752A2FF}</UniqueIdentifier>
      <Extensions>cpp;c;cc;cxx;def;odl;idl;hpj;bat;asm;asmx</Extensions>
    </Filter>
    <Filter Include="Header Files">
      <UniqueIdentifier>{93995380-89BD-4b04-88EB-625FBE52EBFB}</UniqueIdentifier>
      <Extensions>h;hpp;hxx;hm;inl;inc;xsd</Extensions>
    </Filter>
    <Filter Include="Resource Files">
      <UniqueIdentifier>{67DA6AB6-F800-4c08-8B7A-83BB121AAD01}</UniqueIdentifier>
      <Extensions>rc;ico;cur;bmp;dlg;rc2;rct;bin;rgs;gif;jpg;jpeg;jpe;resx;tiff;tif;png;wav;mfcribbon-ms</Extensions>
    </Filter>
    <Filter Include="Source Files\Src">
      <UniqueIdentifier>{edfd0121-0d5f-4dc6-839c-a9b06eecc87a}</UniqueIdentifier>
    </Filter>
  </ItemGroup>
  <ItemGroup>
    <ClInclude Include="stdafx.h">
      <Filter>Header Files</Filter>
    </ClInclude>
    <ClInclude Include="targetver.h">
      <Filter>Header Files</Filter>
    </ClInclude>
  </ItemGroup>
  <ItemGroup>
    <ClCompile Include="SelectTests.cpp">
      <Filter>Source Files</Filter>
    </ClCompile>
    <ClCompile Include="ConnectTests.cpp">
      <Filter>Source Files</Filter>
    </ClCompile>
    <ClCompile Include="main.cpp">
      <Filter>Source Files</Filter>
    </ClCompile>
    <ClCompile Include="..\..\arseholeCoreModules\CoreModules\Database\Database.cpp">
      <Filter>Source Files\Src</Filter>
    </ClCompile>
    <ClCompile Include="..\..\arseholeCoreModules\CoreModules\Database\ResultWrapper.cpp">
      <Filter>Source Files\Src</Filter>
    </ClCompile>
    <ClCompile Include="..\..\arseholeCoreModules\CoreModules\Database\Tables\DatabaseTable.cpp">
      <Filter>Source Files\Src</Filter>
    </ClCompile>
    <ClCompile Include="..\..\arseholeCoreModules\CoreModules\Database\Tables\IDatabaseTableField.cpp">
      <Filter>Source Files\Src</Filter>
    </ClCompile>
    <ClCompile Include="..\..\arseholeCoreModules\CoreModules\Database\Tables\Album\Album.cpp">
      <Filter>Source Files\Src</Filter>
    </ClCompile>
    <ClCompile Include="..\..\arseholeCoreModules\CoreModules\Database\Querys\Query.cpp">
      <Filter>Source Files\Src</Filter>
    </ClCompile>
    <ClCompile Include="..\..\arseholeCoreModules\CoreModules\Database\Querys\UpdateQuery.cpp">
      <Filter>Source Files\Src</Filter>
    </ClCompile>
    <ClCompile Include="..\..\arseholeCoreModules\CoreModules\Database\Querys\Descriptor\Descriptor.cpp">
      <Filter>Source Files\Src</Filter>
    </ClCompile>
    <ClCompile Include="..\..\arseholeCoreModules\CoreModules\Database\Querys\Descriptor\Limit.cpp">
      <Filter>Source Files\Src</Filter>
    </ClCompile>
    <ClCompile Include="..\..\arseholeCoreModules\CoreModules\Database\Querys\Constraints\Equals.cpp">
      <Filter>Source Files\Src</Filter>
    </ClCompile>
    <ClCompile Include="..\..\arseholeCoreModules\CoreModules\Database\Querys\Constraints\GreaterThan.cpp">
      <Filter>Source Files\Src</Filter>
    </ClCompile>
    <ClCompile Include="..\..\arseholeCoreModules\CoreModules\Database\Querys\Constraints\GreatherThanEqualTo.cpp">
      <Filter>Source Files\Src</Filter>
    </ClCompile>
    <ClCompile Include="..\..\arseholeCoreModules\CoreModules\Database\Querys\Constraints\LessThan.cpp">
      <Filter>Source Files\Src</Filter>
    </ClCompile>
    <ClCompile Include="..\..\arseholeCoreModules\CoreModules\Database\Querys\Constraints\LessThanEqualToo.cpp">
      <Filter>Source Files\Src</Filter>
    </ClCompile>
    <ClCompile Include="..\..\arseholeCoreModules\CoreModules\Database\Querys\Constraints\Like.cpp">
      <Filter>Source Files\Src</Filter>
    </ClCompile>
    <ClCompile Include="..\..\arseholeCoreModules\CoreModules\Database\Querys\Constraints\ConstraintGroup\ConstraintGroup.cpp">
      <Filter>Source Files\Src</Filter>
    </ClCompile>
    <ClCompile Include="..\..\arseholeCoreModules\CoreModules\Database\Querys\Constraints\ConstraintGroup\ORConstraintGroup.cpp">
      <Filter>Source Files\Src</Filter>
    </ClCompile>
    <ClCompile Include="..\..\arseholeCoreModules\CoreModules\Database\Tables\Movie\Movie.cpp">
      <Filter>Source Files\Src</Filter>
    </ClCompile>
    <ClCompile Include="..\..\arseholeCoreModules\CoreModules\Database\Tables\Movie\Fields\movieGenre.cpp">
      <Filter>Source Files\Src</Filter>
    </ClCompile>
    <ClCompile Include="..\..\arseholeCoreModules\CoreModules\Database\Tables\Movie\Fields\movieID.cpp">
      <Filter>Source Files\Src</Filter>
    </ClCompile>
    <ClCompile Include="..\..\arseholeCoreModules\CoreModules\Database\Tables\Movie\Fields\movieIMDB.cpp">
      <Filter>Source Files\Src</Filter>
    </ClCompile>
    <ClCompile Include="..\..\arseholeCoreModules\CoreModules\Database\Tables\Movie\Fields\movieName.cpp">
      <Filter>Source Files\Src</Filter>
    </ClCompile>
    <ClCompile Include="..\..\arseholeCoreModules\CoreModules\Database\Tables\Movie\Fields\movieURL.cpp">
      <Filter>Source Files\Src</Filter>
    </ClCompile>
    <ClCompile Include="..\..\arseholeCoreModules\CoreModules\Database\Tables\Movie\Fields\thumbnailURL.cpp">
      <Filter>Source Files\Src</Filter>
    </ClCompile>
    <ClCompile Include="..\..\arseholeCoreModules\CoreModules\Database\Tables\Album\Fields\albumID.cpp">
      <Filter>Source Files\Src</Filter>
    </ClCompile>
    <ClCompile Include="..\..\arseholeCoreModules\CoreModules\Database\Tables\Album\Fields\albumName.cpp">
      <Filter>Source Files\Src</Filter>
    </ClCompile>
    <ClCompile Include="..\..\arseholeCoreModules\CoreModules\Database\Tables\Album\Fields\albumRating.cpp">
      <Filter>Source Files\Src</Filter>
    </ClCompile>
    <ClCompile Include="..\..\arseholeCoreModules\CoreModules\Database\Tables\Album\Fields\artistID1.cpp">
      <Filter>Source Files\Src</Filter>
    </ClCompile>
  </ItemGroup>
</Project>