<?xml version="1.0" encoding="utf-8"?>
<Project ToolsVersion="4.0" xmlns="http://schemas.microsoft.com/developer/msbuild/2003">
  <ItemGroup>
    <Filter Include="Source Files">
      <UniqueIdentifier>{4FC737F1-C7A5-4376-A066-2A32D752A2FF}</UniqueIdentifier>
      <Extensions>cpp;c;cc;cxx;def;odl;idl;hpj;bat;asm;asmx</Extensions>
    </Filter>
    <Filter Include="Header Files">
      <UniqueIdentifier>{93995380-89BD-4b04-88EB-625FBE52EBFB}</UniqueIdentifier>
      <Extensions>h;hpp;hxx;hm;inl;inc;xsd</Extensions>
    </Filter>
    <Filter Include="Resource Files">
      <UniqueIdentifier>{67DA6AB6-F800-4c08-8B7A-83BB121AAD01}</UniqueIdentifier>
      <Extensions>rc;ico;cur;bmp;dlg;rc2;rct;bin;rgs;gif;jpg;jpeg;jpe;resx;tiff;tif;png;wav;mfcribbon-ms</Extensions>
    </Filter>
  </ItemGroup>
  <ItemGroup>
    <ClInclude Include="MediaStreamer.h">
      <Filter>Header Files</Filter>
    </ClInclude>
    <ClInclude Include="MusicPlaylist.h">
      <Filter>Header Files</Filter>
    </ClInclude>
    <ClInclude Include="Song.h">
      <Filter>Header Files</Filter>
    </ClInclude>
    <ClInclude Include="VLCTelnetInterface.h">
      <Filter>Header Files</Filter>
    </ClInclude>
    <ClInclude Include="telnet.h">
      <Filter>Header Files</Filter>
    </ClInclude>
    <ClInclude Include="exportMacros.h">
      <Filter>Header Files</Filter>
    </ClInclude>
    <ClInclude Include="Devices\Comms\DevicePollConnection.h">
      <Filter>Header Files</Filter>
    </ClInclude>
    <ClInclude Include="Devices\Comms\DevicePollConnectionFactory.h">
      <Filter>Header Files</Filter>
    </ClInclude>
    <ClInclude Include="Devices\AudioDevice.h">
      <Filter>Header Files</Filter>
    </ClInclude>
    <ClInclude Include="Devices\DeviceList.h">
      <Filter>Header Files</Filter>
    </ClInclude>
    <ClInclude Include="Devices\Comms\MessageTranslaters\TranslatedMessages\AbstractMessage.h">
      <Filter>Header Files</Filter>
    </ClInclude>
    <ClInclude Include="Devices\Comms\MessageTranslaters\StringMessageSerializer.h">
      <Filter>Header Files</Filter>
    </ClInclude>
    <ClInclude Include="Devices\Comms\Protocals\IProtocal.h">
      <Filter>Header Files</Filter>
    </ClInclude>
    <ClInclude Include="Devices\Comms\Transever\Exceptions\TimeoutExpiredException.h">
      <Filter>Header Files</Filter>
    </ClInclude>
    <ClInclude Include="Devices\Comms\Transever\AbstractTransever.h">
      <Filter>Header Files</Filter>
    </ClInclude>
    <ClInclude Include="Devices\Comms\Transever\ITranseverConnection.h">
      <Filter>Header Files</Filter>
    </ClInclude>
    <ClInclude Include="Devices\Comms\Transever\ITranseverConnectionFactory.h">
      <Filter>Header Files</Filter>
    </ClInclude>
    <ClInclude Include="Devices\Comms\Transever\MessageChunker.h">
      <Filter>Header Files</Filter>
    </ClInclude>
    <ClInclude Include="Devices\Comms\Transever\TCPAsyncTransever.h">
      <Filter>Header Files</Filter>
    </ClInclude>
    <ClInclude Include="Devices\Comms\Broadcaster.h">
      <Filter>Header Files</Filter>
    </ClInclude>
    <ClInclude Include="Devices\Comms\IPGetter.h">
      <Filter>Header Files</Filter>
    </ClInclude>
  </ItemGroup>
  <ItemGroup>
    <ClCompile Include="MediaStreamer.cpp">
      <Filter>Source Files</Filter>
    </ClCompile>
    <ClCompile Include="MusicPlaylist.cpp">
      <Filter>Source Files</Filter>
    </ClCompile>
    <ClCompile Include="Song.cpp">
      <Filter>Source Files</Filter>
    </ClCompile>
    <ClCompile Include="VLCTelnetInterface.cpp">
      <Filter>Source Files</Filter>
    </ClCompile>
    <ClCompile Include="telnet.cpp">
      <Filter>Source Files</Filter>
    </ClCompile>
    <ClCompile Include="Devices\Comms\DevicePollConnection.cpp">
      <Filter>Source Files</Filter>
    </ClCompile>
    <ClCompile Include="Devices\Comms\DevicePollConnectionFactory.cpp">
      <Filter>Source Files</Filter>
    </ClCompile>
    <ClCompile Include="Devices\AudioDevice.cpp">
      <Filter>Source Files</Filter>
    </ClCompile>
    <ClCompile Include="Devices\DeviceList.cpp">
      <Filter>Source Files</Filter>
    </ClCompile>
    <ClCompile Include="Devices\Comms\MessageTranslaters\TranslatedMessages\AbstractMessage.cpp">
      <Filter>Source Files</Filter>
    </ClCompile>
    <ClCompile Include="Devices\Comms\MessageTranslaters\StringMessageSerializer.cpp">
      <Filter>Source Files</Filter>
    </ClCompile>
    <ClCompile Include="Devices\Comms\Protocals\IProtocal.cpp">
      <Filter>Source Files</Filter>
    </ClCompile>
    <ClCompile Include="Devices\Comms\Transever\Exceptions\TimeoutExpiredException.cpp">
      <Filter>Source Files</Filter>
    </ClCompile>
    <ClCompile Include="Devices\Comms\Transever\AbstractTransever.cpp">
      <Filter>Source Files</Filter>
    </ClCompile>
    <ClCompile Include="Devices\Comms\Transever\ITranseverConnection.cpp">
      <Filter>Source Files</Filter>
    </ClCompile>
    <ClCompile Include="Devices\Comms\Transever\ITranseverConnectionFactory.cpp">
      <Filter>Source Files</Filter>
    </ClCompile>
    <ClCompile Include="Devices\Comms\Transever\MessageChunker.cpp">
      <Filter>Source Files</Filter>
    </ClCompile>
    <ClCompile Include="Devices\Comms\Transever\TCPAsyncTransever.cpp">
      <Filter>Source Files</Filter>
    </ClCompile>
    <ClCompile Include="Devices\Comms\Broadcaster.cpp">
      <Filter>Source Files</Filter>
    </ClCompile>
    <ClCompile Include="Devices\Comms\IPGetter.cpp">
      <Filter>Source Files</Filter>
    </ClCompile>
  </ItemGroup>
</Project>