<?xml version="1.0" encoding="utf-8"?>
<Project ToolsVersion="4.0" xmlns="http://schemas.microsoft.com/developer/msbuild/2003">
  <ItemGroup>
    <Filter Include="Source Files">
      <UniqueIdentifier>{4FC737F1-C7A5-4376-A066-2A32D752A2FF}</UniqueIdentifier>
      <Extensions>cpp;c;cc;cxx;def;odl;idl;hpj;bat;asm;asmx</Extensions>
    </Filter>
    <Filter Include="Header Files">
      <UniqueIdentifier>{93995380-89BD-4b04-88EB-625FBE52EBFB}</UniqueIdentifier>
      <Extensions>h;hpp;hxx;hm;inl;inc;xsd</Extensions>
    </Filter>
    <Filter Include="Resource Files">
      <UniqueIdentifier>{67DA6AB6-F800-4c08-8B7A-83BB121AAD01}</UniqueIdentifier>
      <Extensions>rc;ico;cur;bmp;dlg;rc2;rct;bin;rgs;gif;jpg;jpeg;jpe;resx;tiff;tif;png;wav;mfcribbon-ms</Extensions>
    </Filter>
  </ItemGroup>
  <ItemGroup>
    <ClCompile Include="CoreModules\Comms\Comms.cpp">
      <Filter>Source Files</Filter>
    </ClCompile>
    <ClCompile Include="CoreModules\Comms\CURL\CurlManager.cpp">
      <Filter>Source Files</Filter>
    </ClCompile>
    <ClCompile Include="CoreModules\Comms\JSON\JSONCURLRequest.cpp">
      <Filter>Source Files</Filter>
    </ClCompile>
    <ClCompile Include="CoreModules\Comms\MessageTranslaters\TranslatedMessages\AbstractMessage.cpp">
      <Filter>Source Files</Filter>
    </ClCompile>
    <ClCompile Include="CoreModules\Comms\MessageTranslaters\TranslatedMessages\ComandAndControlMessage.cpp">
      <Filter>Source Files</Filter>
    </ClCompile>
    <ClCompile Include="CoreModules\Comms\MessageTranslaters\TranslatedMessages\ListPluginsMessage.cpp">
      <Filter>Source Files</Filter>
    </ClCompile>
    <ClCompile Include="CoreModules\Comms\MessageTranslaters\TranslatedMessages\PluginPageMessage.cpp">
      <Filter>Source Files</Filter>
    </ClCompile>
    <ClCompile Include="CoreModules\Comms\MessageTranslaters\Translater.cpp">
      <Filter>Source Files</Filter>
    </ClCompile>
    <ClCompile Include="CoreModules\Comms\MessageTranslaters\TranslationFilters\BaseTranslationFilter.cpp">
      <Filter>Source Files</Filter>
    </ClCompile>
    <ClCompile Include="CoreModules\Comms\MessageTranslaters\TranslationFilters\CommandAndcontrolTranslationFilter.cpp">
      <Filter>Source Files</Filter>
    </ClCompile>
    <ClCompile Include="CoreModules\Comms\MessageTranslaters\TranslationFilters\PluginPageTranslationFilter.cpp">
      <Filter>Source Files</Filter>
    </ClCompile>
    <ClCompile Include="CoreModules\Comms\MessageTranslaters\TranslationFilters\PluginPollTranslationFilter.cpp">
      <Filter>Source Files</Filter>
    </ClCompile>
    <ClCompile Include="CoreModules\Comms\Transever\AbstractTransever.cpp">
      <Filter>Source Files</Filter>
    </ClCompile>
    <ClCompile Include="CoreModules\Comms\Transever\TCPTransever.cpp">
      <Filter>Source Files</Filter>
    </ClCompile>
    <ClCompile Include="CoreModules\CoreModules.cpp">
      <Filter>Source Files</Filter>
    </ClCompile>
    <ClCompile Include="CoreModules\Database\Database.cpp">
      <Filter>Source Files</Filter>
    </ClCompile>
    <ClCompile Include="CoreModules\Database\Querys\Constraints\ConstraintGroup\ConstraintGroup.cpp">
      <Filter>Source Files</Filter>
    </ClCompile>
    <ClCompile Include="CoreModules\Database\Querys\Constraints\ConstraintGroup\ORConstraintGroup.cpp">
      <Filter>Source Files</Filter>
    </ClCompile>
    <ClCompile Include="CoreModules\Database\Querys\Constraints\Equals.cpp">
      <Filter>Source Files</Filter>
    </ClCompile>
    <ClCompile Include="CoreModules\Database\Querys\Constraints\GreaterThan.cpp">
      <Filter>Source Files</Filter>
    </ClCompile>
    <ClCompile Include="CoreModules\Database\Querys\Constraints\GreatherThanEqualTo.cpp">
      <Filter>Source Files</Filter>
    </ClCompile>
    <ClCompile Include="CoreModules\Database\Querys\Constraints\LessThan.cpp">
      <Filter>Source Files</Filter>
    </ClCompile>
    <ClCompile Include="CoreModules\Database\Querys\Constraints\LessThanEqualToo.cpp">
      <Filter>Source Files</Filter>
    </ClCompile>
    <ClCompile Include="CoreModules\Database\Querys\Constraints\Like.cpp">
      <Filter>Source Files</Filter>
    </ClCompile>
    <ClCompile Include="CoreModules\Database\Querys\Query.cpp">
      <Filter>Source Files</Filter>
    </ClCompile>
    <ClCompile Include="CoreModules\Database\ResultWrapper.cpp">
      <Filter>Source Files</Filter>
    </ClCompile>
    <ClCompile Include="CoreModules\Database\Tables\DatabaseTable.cpp">
      <Filter>Source Files</Filter>
    </ClCompile>
    <ClCompile Include="CoreModules\Database\Tables\IDatabaseTableField.cpp">
      <Filter>Source Files</Filter>
    </ClCompile>
    <ClCompile Include="CoreModules\Errors\ErrorLogger.cpp">
      <Filter>Source Files</Filter>
    </ClCompile>
    <ClCompile Include="CoreModules\EventModel\EventHandler\EventHandler.cpp">
      <Filter>Source Files</Filter>
    </ClCompile>
    <ClCompile Include="CoreModules\EventModel\EventHandler\EvntHandlerBase.cpp">
      <Filter>Source Files</Filter>
    </ClCompile>
    <ClCompile Include="CoreModules\EventModel\EventManager.cpp">
      <Filter>Source Files</Filter>
    </ClCompile>
    <ClCompile Include="CoreModules\EventModel\Events\Event.cpp">
      <Filter>Source Files</Filter>
    </ClCompile>
    <ClCompile Include="CoreModules\HTMLRendere\Containers\ElementList.cpp">
      <Filter>Source Files</Filter>
    </ClCompile>
    <ClCompile Include="CoreModules\HTMLRendere\Containers\Form.cpp">
      <Filter>Source Files</Filter>
    </ClCompile>
    <ClCompile Include="CoreModules\HTMLRendere\Containers\IContainer.cpp">
      <Filter>Source Files</Filter>
    </ClCompile>
    <ClCompile Include="CoreModules\HTMLRendere\Elements\FormSubmit.cpp">
      <Filter>Source Files</Filter>
    </ClCompile>
    <ClCompile Include="CoreModules\HTMLRendere\Elements\Lable.cpp">
      <Filter>Source Files</Filter>
    </ClCompile>
    <ClCompile Include="CoreModules\HTMLRendere\Elements\TextBox.cpp">
      <Filter>Source Files</Filter>
    </ClCompile>
    <ClCompile Include="CoreModules\HTMLRendere\IElement.cpp">
      <Filter>Source Files</Filter>
    </ClCompile>
    <ClCompile Include="CoreModules\HTMLRendere\Page.cpp">
      <Filter>Source Files</Filter>
    </ClCompile>
    <ClCompile Include="CoreModules\Database\Querys\Descriptor\Limit.cpp">
      <Filter>Source Files</Filter>
    </ClCompile>
    <ClCompile Include="CoreModules\Database\Querys\Descriptor\Descriptor.cpp">
      <Filter>Source Files</Filter>
    </ClCompile>
    <ClCompile Include="CoreModules\Database\Querys\UpdateQuery.cpp">
      <Filter>Source Files</Filter>
    </ClCompile>
    <ClCompile Include="CoreModules\HTMLRendere\Elements\HTMLImage.cpp">
      <Filter>Source Files</Filter>
    </ClCompile>
    <ClCompile Include="CoreModules\Comms\MessageTranslaters\TranslatedMessages\PluginInteractionRequestMessage.cpp">
      <Filter>Source Files</Filter>
    </ClCompile>
    <ClCompile Include="CoreModules\Comms\MessageTranslaters\TranslationFilters\PluginInteractionFilter.cpp">
      <Filter>Source Files</Filter>
    </ClCompile>
    <ClCompile Include="CoreModules\HTMLRendere\Elements\Hyperlink.cpp">
      <Filter>Source Files</Filter>
    </ClCompile>
    <ClCompile Include="CoreModules\Errors\StackWalker\StackWalker.cpp">
      <Filter>Source Files</Filter>
    </ClCompile>
    <ClCompile Include="CoreModules\Errors\MyStackWalker.cpp">
      <Filter>Source Files</Filter>
    </ClCompile>
    <ClCompile Include="CoreModules\Database\Tables\Album\Fields\albumID.cpp">
      <Filter>Source Files</Filter>
    </ClCompile>
    <ClCompile Include="CoreModules\Database\Tables\Album\Fields\albumName.cpp">
      <Filter>Source Files</Filter>
    </ClCompile>
    <ClCompile Include="CoreModules\Database\Tables\Album\Fields\albumRating.cpp">
      <Filter>Source Files</Filter>
    </ClCompile>
    <ClCompile Include="CoreModules\Database\Tables\Album\Album.cpp">
      <Filter>Source Files</Filter>
    </ClCompile>
    <ClCompile Include="CoreModules\Database\Tables\Artist\Fields\artistID.cpp">
      <Filter>Source Files</Filter>
    </ClCompile>
    <ClCompile Include="CoreModules\Database\Tables\Artist\Fields\artistName.cpp">
      <Filter>Source Files</Filter>
    </ClCompile>
    <ClCompile Include="CoreModules\Database\Tables\Artist\Fields\artistRating.cpp">
      <Filter>Source Files</Filter>
    </ClCompile>
    <ClCompile Include="CoreModules\Database\Tables\Artist\Fields\genre.cpp">
      <Filter>Source Files</Filter>
    </ClCompile>
    <ClCompile Include="CoreModules\Database\Tables\Artist\Artist.cpp">
      <Filter>Source Files</Filter>
    </ClCompile>
    <ClCompile Include="CoreModules\Database\Tables\Episode\Fields\episodeID.cpp">
      <Filter>Source Files</Filter>
    </ClCompile>
    <ClCompile Include="CoreModules\Database\Tables\Episode\Fields\episodeName.cpp">
      <Filter>Source Files</Filter>
    </ClCompile>
    <ClCompile Include="CoreModules\Database\Tables\Episode\Fields\episodeNumber.cpp">
      <Filter>Source Files</Filter>
    </ClCompile>
    <ClCompile Include="CoreModules\Database\Tables\Episode\Fields\episodePlayCount.cpp">
      <Filter>Source Files</Filter>
    </ClCompile>
    <ClCompile Include="CoreModules\Database\Tables\Episode\Fields\filePath.cpp">
      <Filter>Source Files</Filter>
    </ClCompile>
    <ClCompile Include="CoreModules\Database\Tables\Episode\Fields\seasonID.cpp">
      <Filter>Source Files</Filter>
    </ClCompile>
    <ClCompile Include="CoreModules\Database\Tables\Episode\Episode.cpp">
      <Filter>Source Files</Filter>
    </ClCompile>
    <ClCompile Include="CoreModules\Database\Tables\Movie\Fields\movieGenre.cpp">
      <Filter>Source Files</Filter>
    </ClCompile>
    <ClCompile Include="CoreModules\Database\Tables\Movie\Fields\movieID.cpp">
      <Filter>Source Files</Filter>
    </ClCompile>
    <ClCompile Include="CoreModules\Database\Tables\Movie\Fields\movieIMDB.cpp">
      <Filter>Source Files</Filter>
    </ClCompile>
    <ClCompile Include="CoreModules\Database\Tables\Movie\Fields\movieName.cpp">
      <Filter>Source Files</Filter>
    </ClCompile>
    <ClCompile Include="CoreModules\Database\Tables\Movie\Fields\movieURL.cpp">
      <Filter>Source Files</Filter>
    </ClCompile>
    <ClCompile Include="CoreModules\Database\Tables\Movie\Fields\thumbnailURL.cpp">
      <Filter>Source Files</Filter>
    </ClCompile>
    <ClCompile Include="CoreModules\Database\Tables\Movie\Movie.cpp">
      <Filter>Source Files</Filter>
    </ClCompile>
    <ClCompile Include="CoreModules\Database\Tables\Picture\Fields\picName.cpp">
      <Filter>Source Files</Filter>
    </ClCompile>
    <ClCompile Include="CoreModules\Database\Tables\Picture\Fields\picURL.cpp">
      <Filter>Source Files</Filter>
    </ClCompile>
    <ClCompile Include="CoreModules\Database\Tables\Picture\Picture.cpp">
      <Filter>Source Files</Filter>
    </ClCompile>
    <ClCompile Include="CoreModules\Database\Tables\Playlist\Fields\playlistPlayCount.cpp">
      <Filter>Source Files</Filter>
    </ClCompile>
    <ClCompile Include="CoreModules\Database\Tables\Playlist\Playlist.cpp">
      <Filter>Source Files</Filter>
    </ClCompile>
    <ClCompile Include="CoreModules\Database\Tables\PlaylistSong\Fields\playlistSongID.cpp">
      <Filter>Source Files</Filter>
    </ClCompile>
    <ClCompile Include="CoreModules\Database\Tables\PlaylistSong\PlaylistSong.cpp">
      <Filter>Source Files</Filter>
    </ClCompile>
    <ClCompile Include="CoreModules\Database\Tables\Season\Fields\seriesNumber.cpp">
      <Filter>Source Files</Filter>
    </ClCompile>
    <ClCompile Include="CoreModules\Database\Tables\Season\Season.cpp">
      <Filter>Source Files</Filter>
    </ClCompile>
    <ClCompile Include="CoreModules\Database\Tables\Series\Fields\seriesGenre.cpp">
      <Filter>Source Files</Filter>
    </ClCompile>
    <ClCompile Include="CoreModules\Database\Tables\Series\Fields\seriesIMDB.cpp">
      <Filter>Source Files</Filter>
    </ClCompile>
    <ClCompile Include="CoreModules\Database\Tables\Series\Fields\seriesName.cpp">
      <Filter>Source Files</Filter>
    </ClCompile>
    <ClCompile Include="CoreModules\Database\Tables\Series\Series.cpp">
      <Filter>Source Files</Filter>
    </ClCompile>
    <ClCompile Include="CoreModules\Database\Tables\Song\Fields\playCount.cpp">
      <Filter>Source Files</Filter>
    </ClCompile>
    <ClCompile Include="CoreModules\Database\Tables\Song\Fields\songID.cpp">
      <Filter>Source Files</Filter>
    </ClCompile>
    <ClCompile Include="CoreModules\Database\Tables\Song\Fields\songName.cpp">
      <Filter>Source Files</Filter>
    </ClCompile>
    <ClCompile Include="CoreModules\Database\Tables\Song\Fields\songRating.cpp">
      <Filter>Source Files</Filter>
    </ClCompile>
    <ClCompile Include="CoreModules\Database\Tables\Song\Fields\songURL.cpp">
      <Filter>Source Files</Filter>
    </ClCompile>
    <ClCompile Include="CoreModules\Database\Tables\Song\Song.cpp">
      <Filter>Source Files</Filter>
    </ClCompile>
    <ClCompile Include="CoreModules\Database\Tables\Album\Fields\artistID1.cpp">
      <Filter>Source Files</Filter>
    </ClCompile>
    <ClCompile Include="CoreModules\Database\Tables\PictureAlbum\PictureAlbum.cpp">
      <Filter>Source Files</Filter>
    </ClCompile>
    <ClCompile Include="CoreModules\Database\Tables\PictureAlbum\Fields\albumName1.cpp">
      <Filter>Source Files</Filter>
    </ClCompile>
    <ClCompile Include="CoreModules\Database\Tables\Picture\Fields\albumName2.cpp">
      <Filter>Source Files</Filter>
    </ClCompile>
    <ClCompile Include="CoreModules\Database\Tables\PlaylistSong\Fields\songID1.cpp">
      <Filter>Source Files</Filter>
    </ClCompile>
    <ClCompile Include="CoreModules\Database\Tables\Season\Fields\seasonID1.cpp">
      <Filter>Source Files</Filter>
    </ClCompile>
    <ClCompile Include="CoreModules\Database\Tables\Song\Fields\albumID1.cpp">
      <Filter>Source Files</Filter>
    </ClCompile>
    <ClCompile Include="CoreModules\Database\Tables\Season\Fields\seriesName1.cpp">
      <Filter>Source Files</Filter>
    </ClCompile>
    <ClCompile Include="CoreModules\Database\Tables\Playlist\Fields\playlistName1.cpp">
      <Filter>Source Files</Filter>
    </ClCompile>
    <ClCompile Include="CoreModules\Database\Tables\PlaylistSong\Fields\playlistName2.cpp">
      <Filter>Source Files</Filter>
    </ClCompile>
    <ClCompile Include="CoreModules\HTMLRendere\Elements\DockingLayout\DockingLayout.cpp">
      <Filter>Source Files</Filter>
    </ClCompile>
    <ClCompile Include="CoreModules\HTMLRendere\Elements\DockingLayout\DockedElements\topDockedElement.cpp">
      <Filter>Source Files</Filter>
    </ClCompile>
    <ClCompile Include="CoreModules\HTMLRendere\Elements\DockingLayout\DockedElements\RightDockedElement.cpp">
      <Filter>Source Files</Filter>
    </ClCompile>
    <ClCompile Include="CoreModules\HTMLRendere\Elements\DockingLayout\DockedElements\LeftDockedElement.cpp">
      <Filter>Source Files</Filter>
    </ClCompile>
    <ClCompile Include="CoreModules\HTMLRendere\Elements\DockingLayout\DockedElements\BottomDockedElement.cpp">
      <Filter>Source Files</Filter>
    </ClCompile>
    <ClCompile Include="CoreModules\Comms\Transever\MessageChunker.cpp">
      <Filter>Source Files</Filter>
    </ClCompile>
    <ClCompile Include="CoreModules\Comms\Transever\Exceptions\TimeoutExpiredException.cpp">
      <Filter>Source Files</Filter>
    </ClCompile>
    <ClCompile Include="CoreModules\Comms\MessageTranslaters\TranslatedMessages\RequestNextDataChunkMessage.cpp">
      <Filter>Source Files</Filter>
    </ClCompile>
    <ClCompile Include="CoreModules\Comms\MessageTranslaters\StringMessageSerializer.cpp">
      <Filter>Source Files</Filter>
    </ClCompile>
    <ClCompile Include="CoreModules\Comms\MessageTranslaters\TranslatedMessages\ReplyMessage.cpp">
      <Filter>Source Files</Filter>
    </ClCompile>
    <ClCompile Include="CoreModules\HTMLRendere\PageBuilder.cpp">
      <Filter>Source Files</Filter>
    </ClCompile>
  </ItemGroup>
  <ItemGroup>
    <ClInclude Include="CoreModules\Comms\Comms.h">
      <Filter>Header Files</Filter>
    </ClInclude>
    <ClInclude Include="CoreModules\Comms\CURL\CurlManager.h">
      <Filter>Header Files</Filter>
    </ClInclude>
    <ClInclude Include="CoreModules\Comms\CURL\ICURLRequest.h">
      <Filter>Header Files</Filter>
    </ClInclude>
    <ClInclude Include="CoreModules\Comms\IComms.h">
      <Filter>Header Files</Filter>
    </ClInclude>
    <ClInclude Include="CoreModules\Comms\JSON\IJSONRequest.h">
      <Filter>Header Files</Filter>
    </ClInclude>
    <ClInclude Include="CoreModules\Comms\JSON\JSONCURLRequest.h">
      <Filter>Header Files</Filter>
    </ClInclude>
    <ClInclude Include="CoreModules\Comms\MessageTranslaters\TranslatedMessages\AbstractMessage.h">
      <Filter>Header Files</Filter>
    </ClInclude>
    <ClInclude Include="CoreModules\Comms\MessageTranslaters\TranslatedMessages\ComandAndControlMessage.h">
      <Filter>Header Files</Filter>
    </ClInclude>
    <ClInclude Include="CoreModules\Comms\MessageTranslaters\TranslatedMessages\ListPluginsMessage.h">
      <Filter>Header Files</Filter>
    </ClInclude>
    <ClInclude Include="CoreModules\Comms\MessageTranslaters\TranslatedMessages\PluginPageMessage.h">
      <Filter>Header Files</Filter>
    </ClInclude>
    <ClInclude Include="CoreModules\Comms\MessageTranslaters\TranslatedMessages\TranslatedMessages.h">
      <Filter>Header Files</Filter>
    </ClInclude>
    <ClInclude Include="CoreModules\Comms\MessageTranslaters\Translater.h">
      <Filter>Header Files</Filter>
    </ClInclude>
    <ClInclude Include="CoreModules\Comms\MessageTranslaters\TranslationFilters\BaseTranslationFilter.h">
      <Filter>Header Files</Filter>
    </ClInclude>
    <ClInclude Include="CoreModules\Comms\MessageTranslaters\TranslationFilters\CommandAndcontrolTranslationFilter.h">
      <Filter>Header Files</Filter>
    </ClInclude>
    <ClInclude Include="CoreModules\Comms\MessageTranslaters\TranslationFilters\MessageTranslationFilters.h">
      <Filter>Header Files</Filter>
    </ClInclude>
    <ClInclude Include="CoreModules\Comms\MessageTranslaters\TranslationFilters\PluginPageTranslationFilter.h">
      <Filter>Header Files</Filter>
    </ClInclude>
    <ClInclude Include="CoreModules\Comms\MessageTranslaters\TranslationFilters\PluginPollTranslationFilter.h">
      <Filter>Header Files</Filter>
    </ClInclude>
    <ClInclude Include="CoreModules\Comms\Transever\AbstractTransever.h">
      <Filter>Header Files</Filter>
    </ClInclude>
    <ClInclude Include="CoreModules\Comms\Transever\TCPTransever.h">
      <Filter>Header Files</Filter>
    </ClInclude>
    <ClInclude Include="CoreModules\CoreModules.h">
      <Filter>Header Files</Filter>
    </ClInclude>
    <ClInclude Include="CoreModules\Database\Database.h">
      <Filter>Header Files</Filter>
    </ClInclude>
    <ClInclude Include="CoreModules\Database\Exceptions\NoSelectedFieldsException.h">
      <Filter>Header Files</Filter>
    </ClInclude>
    <ClInclude Include="CoreModules\Database\Querys\Constraints\Constraint.h">
      <Filter>Header Files</Filter>
    </ClInclude>
    <ClInclude Include="CoreModules\Database\Querys\Constraints\ConstraintGroup\ConstraintGroup.h">
      <Filter>Header Files</Filter>
    </ClInclude>
    <ClInclude Include="CoreModules\Database\Querys\Constraints\ConstraintGroup\ORConstraintGroup.h">
      <Filter>Header Files</Filter>
    </ClInclude>
    <ClInclude Include="CoreModules\Database\Querys\Constraints\Constraints.h">
      <Filter>Header Files</Filter>
    </ClInclude>
    <ClInclude Include="CoreModules\Database\Querys\Constraints\Equals.h">
      <Filter>Header Files</Filter>
    </ClInclude>
    <ClInclude Include="CoreModules\Database\Querys\Constraints\GreaterThan.h">
      <Filter>Header Files</Filter>
    </ClInclude>
    <ClInclude Include="CoreModules\Database\Querys\Constraints\GreatherThanEqualTo.h">
      <Filter>Header Files</Filter>
    </ClInclude>
    <ClInclude Include="CoreModules\Database\Querys\Constraints\LessThan.h">
      <Filter>Header Files</Filter>
    </ClInclude>
    <ClInclude Include="CoreModules\Database\Querys\Constraints\LessThanEqualToo.h">
      <Filter>Header Files</Filter>
    </ClInclude>
    <ClInclude Include="CoreModules\Database\Querys\Constraints\Like.h">
      <Filter>Header Files</Filter>
    </ClInclude>
    <ClInclude Include="CoreModules\Database\Querys\Query.h">
      <Filter>Header Files</Filter>
    </ClInclude>
    <ClInclude Include="CoreModules\Database\Querys\Querys.h">
      <Filter>Header Files</Filter>
    </ClInclude>
    <ClInclude Include="CoreModules\Database\ResultWrapper.h">
      <Filter>Header Files</Filter>
    </ClInclude>
    <ClInclude Include="CoreModules\Database\Tables\DatabaseTable.h">
      <Filter>Header Files</Filter>
    </ClInclude>
    <ClInclude Include="CoreModules\Database\Tables\DatabaseTableField.h">
      <Filter>Header Files</Filter>
    </ClInclude>
    <ClInclude Include="CoreModules\Database\Tables\IDatabaseTableField.h">
      <Filter>Header Files</Filter>
    </ClInclude>
    <ClInclude Include="CoreModules\Database\Tables\Music\Artist\Fields\Name.h">
      <Filter>Header Files</Filter>
    </ClInclude>
    <ClInclude Include="CoreModules\Database\Tables\Music\Song\Fields\SongName.h">
      <Filter>Header Files</Filter>
    </ClInclude>
    <ClInclude Include="CoreModules\Database\Tables\Music\Song\Fields\SongURL.h">
      <Filter>Header Files</Filter>
    </ClInclude>
    <ClInclude Include="CoreModules\Database\Tables\Music\Song\Song.h">
      <Filter>Header Files</Filter>
    </ClInclude>
    <ClInclude Include="CoreModules\Database\Tables\Tables.h">
      <Filter>Header Files</Filter>
    </ClInclude>
    <ClInclude Include="CoreModules\Errors\ErrorLogger.h">
      <Filter>Header Files</Filter>
    </ClInclude>
    <ClInclude Include="CoreModules\EventModel\EventHandler\EventHandler.h">
      <Filter>Header Files</Filter>
    </ClInclude>
    <ClInclude Include="CoreModules\EventModel\EventHandler\EvntHandlerBase.h">
      <Filter>Header Files</Filter>
    </ClInclude>
    <ClInclude Include="CoreModules\EventModel\EventManager.h">
      <Filter>Header Files</Filter>
    </ClInclude>
    <ClInclude Include="CoreModules\EventModel\EventModel.h">
      <Filter>Header Files</Filter>
    </ClInclude>
    <ClInclude Include="CoreModules\EventModel\Events\Event.h">
      <Filter>Header Files</Filter>
    </ClInclude>
    <ClInclude Include="CoreModules\HTMLRendere\Containers\ElementList.h">
      <Filter>Header Files</Filter>
    </ClInclude>
    <ClInclude Include="CoreModules\HTMLRendere\Containers\Form.h">
      <Filter>Header Files</Filter>
    </ClInclude>
    <ClInclude Include="CoreModules\HTMLRendere\Containers\IContainer.h">
      <Filter>Header Files</Filter>
    </ClInclude>
    <ClInclude Include="CoreModules\HTMLRendere\Elements\FormSubmit.h">
      <Filter>Header Files</Filter>
    </ClInclude>
    <ClInclude Include="CoreModules\HTMLRendere\Elements\Lable.h">
      <Filter>Header Files</Filter>
    </ClInclude>
    <ClInclude Include="CoreModules\HTMLRendere\Elements\TextBox.h">
      <Filter>Header Files</Filter>
    </ClInclude>
    <ClInclude Include="CoreModules\HTMLRendere\HTMLRendere.h">
      <Filter>Header Files</Filter>
    </ClInclude>
    <ClInclude Include="CoreModules\HTMLRendere\IElement.h">
      <Filter>Header Files</Filter>
    </ClInclude>
    <ClInclude Include="CoreModules\HTMLRendere\Page.h">
      <Filter>Header Files</Filter>
    </ClInclude>
    <ClInclude Include="CoreModules\exportMacros.h">
      <Filter>Header Files</Filter>
    </ClInclude>
    <ClInclude Include="CoreModules\Database\Tables\Movie\Movie\Movie.h">
      <Filter>Header Files</Filter>
    </ClInclude>
    <ClInclude Include="CoreModules\Database\Tables\Movie\Movie\Fields\MovieName.h">
      <Filter>Header Files</Filter>
    </ClInclude>
    <ClInclude Include="CoreModules\Database\Tables\Movie\Movie\Fields\thumbnailURL.h">
      <Filter>Header Files</Filter>
    </ClInclude>
    <ClInclude Include="CoreModules\Database\Tables\Movie\Movie\Fields\movieURL.h">
      <Filter>Header Files</Filter>
    </ClInclude>
    <ClInclude Include="CoreModules\Database\Tables\Movie\Movie\Fields\movieLength.h">
      <Filter>Header Files</Filter>
    </ClInclude>
    <ClInclude Include="CoreModules\Database\Tables\Movie\Movie\Fields\movieIMDB.h">
      <Filter>Header Files</Filter>
    </ClInclude>
    <ClInclude Include="CoreModules\Database\Tables\Movie\Movie\Fields\movieGenra.h">
      <Filter>Header Files</Filter>
    </ClInclude>
    <ClInclude Include="CoreModules\Database\Querys\Descriptor\Limit.h">
      <Filter>Header Files</Filter>
    </ClInclude>
    <ClInclude Include="CoreModules\Database\Querys\Descriptor\Descriptor.h">
      <Filter>Header Files</Filter>
    </ClInclude>
    <ClInclude Include="CoreModules\configSkeliton.h">
      <Filter>Header Files</Filter>
    </ClInclude>
    <ClInclude Include="CoreModules\config.h">
      <Filter>Header Files</Filter>
    </ClInclude>
    <ClInclude Include="CoreModules\Database\Querys\IQuery.h">
      <Filter>Header Files</Filter>
    </ClInclude>
    <ClInclude Include="CoreModules\Database\Querys\UpdateQuery.h">
      <Filter>Header Files</Filter>
    </ClInclude>
    <ClInclude Include="CoreModules\HTMLRendere\Elements\HTMLImage.h">
      <Filter>Header Files</Filter>
    </ClInclude>
    <ClInclude Include="CoreModules\Comms\MessageTranslaters\TranslatedMessages\PluginInteractionRequestMessage.h">
      <Filter>Header Files</Filter>
    </ClInclude>
    <ClInclude Include="CoreModules\Comms\MessageTranslaters\TranslationFilters\PluginInteractionFilter.h">
      <Filter>Header Files</Filter>
    </ClInclude>
    <ClInclude Include="CoreModules\Database\Tables\Movie\Movie\Fields\movieID.h">
      <Filter>Header Files</Filter>
    </ClInclude>
    <ClInclude Include="CoreModules\HTMLRendere\Elements\Hyperlink.h">
      <Filter>Header Files</Filter>
    </ClInclude>
    <ClInclude Include="CoreModules\Errors\StackWalker\StackWalker.h">
      <Filter>Header Files</Filter>
    </ClInclude>
    <ClInclude Include="CoreModules\Errors\MyStackWalker.h">
      <Filter>Header Files</Filter>
    </ClInclude>
    <ClInclude Include="CoreModules\Database\Tables\Album\Fields\year.h">
      <Filter>Header Files</Filter>
    </ClInclude>
    <ClInclude Include="CoreModules\Database\Tables\Movie\Fields\movieLength.h">
      <Filter>Header Files</Filter>
    </ClInclude>
    <ClInclude Include="CoreModules\Database\Tables\Episode\Fields\episodeLength.h">
      <Filter>Header Files</Filter>
    </ClInclude>
    <ClInclude Include="CoreModules\Database\Tables\Song\Fields\dateAdded.h">
      <Filter>Header Files</Filter>
    </ClInclude>
    <ClInclude Include="CoreModules\Database\Tables\Song\Fields\songLength.h">
      <Filter>Header Files</Filter>
    </ClInclude>
    <ClInclude Include="CoreModules\Database\Tables\Series\Fields\seriesDate.h">
      <Filter>Header Files</Filter>
    </ClInclude>
    <ClInclude Include="CoreModules\Database\Tables\Album\Fields\albumID.h">
      <Filter>Header Files</Filter>
    </ClInclude>
    <ClInclude Include="CoreModules\Database\Tables\Album\Fields\albumName.h">
      <Filter>Header Files</Filter>
    </ClInclude>
    <ClInclude Include="CoreModules\Database\Tables\Album\Fields\albumRating.h">
      <Filter>Header Files</Filter>
    </ClInclude>
    <ClInclude Include="CoreModules\Database\Tables\Album\Fields\artistID.h">
      <Filter>Header Files</Filter>
    </ClInclude>
    <ClInclude Include="CoreModules\Database\Tables\Album\Album.h">
      <Filter>Header Files</Filter>
    </ClInclude>
    <ClInclude Include="CoreModules\Database\Tables\Artist\Fields\artistID.h">
      <Filter>Header Files</Filter>
    </ClInclude>
    <ClInclude Include="CoreModules\Database\Tables\Artist\Fields\artistName.h">
      <Filter>Header Files</Filter>
    </ClInclude>
    <ClInclude Include="CoreModules\Database\Tables\Artist\Fields\artistRating.h">
      <Filter>Header Files</Filter>
    </ClInclude>
    <ClInclude Include="CoreModules\Database\Tables\Artist\Fields\genre.h">
      <Filter>Header Files</Filter>
    </ClInclude>
    <ClInclude Include="CoreModules\Database\Tables\Artist\Artist.h">
      <Filter>Header Files</Filter>
    </ClInclude>
    <ClInclude Include="CoreModules\Database\Tables\Episode\Fields\episodeID.h">
      <Filter>Header Files</Filter>
    </ClInclude>
    <ClInclude Include="CoreModules\Database\Tables\Episode\Fields\episodeName.h">
      <Filter>Header Files</Filter>
    </ClInclude>
    <ClInclude Include="CoreModules\Database\Tables\Episode\Fields\episodeNumber.h">
      <Filter>Header Files</Filter>
    </ClInclude>
    <ClInclude Include="CoreModules\Database\Tables\Episode\Fields\episodePlayCount.h">
      <Filter>Header Files</Filter>
    </ClInclude>
    <ClInclude Include="CoreModules\Database\Tables\Episode\Fields\filePath.h">
      <Filter>Header Files</Filter>
    </ClInclude>
    <ClInclude Include="CoreModules\Database\Tables\Episode\Fields\seasonID.h">
      <Filter>Header Files</Filter>
    </ClInclude>
    <ClInclude Include="CoreModules\Database\Tables\Episode\Episode.h">
      <Filter>Header Files</Filter>
    </ClInclude>
    <ClInclude Include="CoreModules\Database\Tables\Movie\Fields\movieGenre.h">
      <Filter>Header Files</Filter>
    </ClInclude>
    <ClInclude Include="CoreModules\Database\Tables\Movie\Fields\movieID.h">
      <Filter>Header Files</Filter>
    </ClInclude>
    <ClInclude Include="CoreModules\Database\Tables\Movie\Fields\movieIMDB.h">
      <Filter>Header Files</Filter>
    </ClInclude>
    <ClInclude Include="CoreModules\Database\Tables\Movie\Fields\movieName.h">
      <Filter>Header Files</Filter>
    </ClInclude>
    <ClInclude Include="CoreModules\Database\Tables\Movie\Fields\movieURL.h">
      <Filter>Header Files</Filter>
    </ClInclude>
    <ClInclude Include="CoreModules\Database\Tables\Movie\Fields\thumbnailURL.h">
      <Filter>Header Files</Filter>
    </ClInclude>
    <ClInclude Include="CoreModules\Database\Tables\Movie\Movie.h">
      <Filter>Header Files</Filter>
    </ClInclude>
    <ClInclude Include="CoreModules\Database\Tables\Picture\Fields\albumName.h">
      <Filter>Header Files</Filter>
    </ClInclude>
    <ClInclude Include="CoreModules\Database\Tables\Picture\Fields\picName.h">
      <Filter>Header Files</Filter>
    </ClInclude>
    <ClInclude Include="CoreModules\Database\Tables\Picture\Fields\picURL.h">
      <Filter>Header Files</Filter>
    </ClInclude>
    <ClInclude Include="CoreModules\Database\Tables\Picture\Picture.h">
      <Filter>Header Files</Filter>
    </ClInclude>
    <ClInclude Include="CoreModules\Database\Tables\PictureAlbum\Fields\albumName.h">
      <Filter>Header Files</Filter>
    </ClInclude>
    <ClInclude Include="CoreModules\Database\Tables\PictureAlbum\PictureAlbum.h">
      <Filter>Header Files</Filter>
    </ClInclude>
    <ClInclude Include="CoreModules\Database\Tables\Playlist\Fields\playlistName.h">
      <Filter>Header Files</Filter>
    </ClInclude>
    <ClInclude Include="CoreModules\Database\Tables\Playlist\Fields\playlistPlayCount.h">
      <Filter>Header Files</Filter>
    </ClInclude>
    <ClInclude Include="CoreModules\Database\Tables\Playlist\Playlist.h">
      <Filter>Header Files</Filter>
    </ClInclude>
    <ClInclude Include="CoreModules\Database\Tables\PlaylistSong\Fields\playlistName.h">
      <Filter>Header Files</Filter>
    </ClInclude>
    <ClInclude Include="CoreModules\Database\Tables\PlaylistSong\Fields\playlistSongID.h">
      <Filter>Header Files</Filter>
    </ClInclude>
    <ClInclude Include="CoreModules\Database\Tables\PlaylistSong\Fields\songID.h">
      <Filter>Header Files</Filter>
    </ClInclude>
    <ClInclude Include="CoreModules\Database\Tables\PlaylistSong\PlaylistSong.h">
      <Filter>Header Files</Filter>
    </ClInclude>
    <ClInclude Include="CoreModules\Database\Tables\Season\Fields\seasonID.h">
      <Filter>Header Files</Filter>
    </ClInclude>
    <ClInclude Include="CoreModules\Database\Tables\Season\Fields\seriesName.h">
      <Filter>Header Files</Filter>
    </ClInclude>
    <ClInclude Include="CoreModules\Database\Tables\Season\Fields\seriesNumber.h">
      <Filter>Header Files</Filter>
    </ClInclude>
    <ClInclude Include="CoreModules\Database\Tables\Season\Season.h">
      <Filter>Header Files</Filter>
    </ClInclude>
    <ClInclude Include="CoreModules\Database\Tables\Series\Fields\seriesGenre.h">
      <Filter>Header Files</Filter>
    </ClInclude>
    <ClInclude Include="CoreModules\Database\Tables\Series\Fields\seriesIMDB.h">
      <Filter>Header Files</Filter>
    </ClInclude>
    <ClInclude Include="CoreModules\Database\Tables\Series\Fields\seriesName.h">
      <Filter>Header Files</Filter>
    </ClInclude>
    <ClInclude Include="CoreModules\Database\Tables\Series\Series.h">
      <Filter>Header Files</Filter>
    </ClInclude>
    <ClInclude Include="CoreModules\Database\Tables\Song\Fields\albumID.h">
      <Filter>Header Files</Filter>
    </ClInclude>
    <ClInclude Include="CoreModules\Database\Tables\Song\Fields\playCount.h">
      <Filter>Header Files</Filter>
    </ClInclude>
    <ClInclude Include="CoreModules\Database\Tables\Song\Fields\songID.h">
      <Filter>Header Files</Filter>
    </ClInclude>
    <ClInclude Include="CoreModules\Database\Tables\Song\Fields\songName.h">
      <Filter>Header Files</Filter>
    </ClInclude>
    <ClInclude Include="CoreModules\Database\Tables\Song\Fields\songRating.h">
      <Filter>Header Files</Filter>
    </ClInclude>
    <ClInclude Include="CoreModules\Database\Tables\Song\Fields\songURL.h">
      <Filter>Header Files</Filter>
    </ClInclude>
    <ClInclude Include="CoreModules\Database\Tables\Song\Song.h">
      <Filter>Header Files</Filter>
    </ClInclude>
    <ClInclude Include="CoreModules\HTMLRendere\Elements\DockingLayout\DockingLayout.h">
      <Filter>Header Files</Filter>
    </ClInclude>
    <ClInclude Include="CoreModules\HTMLRendere\Elements\DockingLayout\DockedElements\topDockedElement.h">
      <Filter>Header Files</Filter>
    </ClInclude>
    <ClInclude Include="CoreModules\HTMLRendere\Elements\DockingLayout\DockedElements\RightDockedElement.h">
      <Filter>Header Files</Filter>
    </ClInclude>
    <ClInclude Include="CoreModules\HTMLRendere\Elements\DockingLayout\DockedElements\LeftDockedElement.h">
      <Filter>Header Files</Filter>
    </ClInclude>
    <ClInclude Include="CoreModules\HTMLRendere\Elements\DockingLayout\DockedElements\BottomDockedElement.h">
      <Filter>Header Files</Filter>
    </ClInclude>
    <ClInclude Include="CoreModules\Comms\Transever\MessageChunker.h">
      <Filter>Header Files</Filter>
    </ClInclude>
    <ClInclude Include="CoreModules\Comms\Transever\Exceptions\TimeoutExpiredException.h">
      <Filter>Header Files</Filter>
    </ClInclude>
    <ClInclude Include="CoreModules\Comms\MessageTranslaters\TranslatedMessages\RequestNextDataChunkMessage.h">
      <Filter>Header Files</Filter>
    </ClInclude>
    <ClInclude Include="CoreModules\Comms\MessageTranslaters\StringMessageSerializer.h">
      <Filter>Header Files</Filter>
    </ClInclude>
    <ClInclude Include="CoreModules\Comms\MessageTranslaters\TranslatedMessages\ReplyMessage.h">
      <Filter>Header Files</Filter>
    </ClInclude>
    <ClInclude Include="CoreModules\HTMLRendere\PageBuilder.h">
      <Filter>Header Files</Filter>
    </ClInclude>
  </ItemGroup>
</Project>