
Microsoft Visual Studio Solution File, Format Version 12.00
# Visual Studio 14
VisualStudioVersion = 14.0.24720.0
MinimumVisualStudioVersion = 10.0.40219.1
Project("{8BC9CEB8-8B4A-11D0-8D11-00A0C91BC942}") = "JARVIS", "JARVIS.vcxproj", "{F69942F5-6D7F-4DC6-A604-C7AA83A3F9B0}"
	ProjectSection(ProjectDependencies) = postProject
		{AFB997C0-FF5E-4894-84AF-C57003862646} = {AFB997C0-FF5E-4894-84AF-C57003862646}
	EndProjectSection
EndProject
Project("{8BC9CEB8-8B4A-11D0-8D11-00A0C91BC942}") = "MediaImages", "..\plugins-dev\MediaImages\MediaImages.vcxproj", "{A80FE131-BA4E-4427-9641-3C093CEB3772}"
	ProjectSection(ProjectDependencies) = postProject
		{AFB997C0-FF5E-4894-84AF-C57003862646} = {AFB997C0-FF5E-4894-84AF-C57003862646}
		{F69942F5-6D7F-4DC6-A604-C7AA83A3F9B0} = {F69942F5-6D7F-4DC6-A604-C7AA83A3F9B0}
	EndProjectSection
EndProject
Project("{8BC9CEB8-8B4A-11D0-8D11-00A0C91BC942}") = "JARVISCoreModules", "..\JARVISCoreModules\JARVISCoreModules.vcxproj", "{AFB997C0-FF5E-4894-84AF-C57003862646}"
EndProject
Project("{8BC9CEB8-8B4A-11D0-8D11-00A0C91BC942}") = "CommsCoreModulesTests", "..\Tests\CommsCoreModulesTests\CommsCoreModulesTests.vcxproj", "{F84C2633-0087-4D16-8848-36922481B458}"
	ProjectSection(ProjectDependencies) = postProject
		{AFB997C0-FF5E-4894-84AF-C57003862646} = {AFB997C0-FF5E-4894-84AF-C57003862646}
	EndProjectSection
EndProject
Project("{8BC9CEB8-8B4A-11D0-8D11-00A0C91BC942}") = "DatabaseCoreModulesTests", "..\Tests\DatabaseCoreModulesTests\DatabaseCoreModulesTests.vcxproj", "{15420602-18D1-45ED-A955-126C313917FE}"
	ProjectSection(ProjectDependencies) = postProject
		{B3C985D0-399F-44AB-914A-B69D3A92C846} = {B3C985D0-399F-44AB-914A-B69D3A92C846}
	EndProjectSection
EndProject
Project("{8BC9CEB8-8B4A-11D0-8D11-00A0C91BC942}") = "HTMLCoreModulesTest", "..\Tests\HTMLCoreModulesTest\HTMLCoreModulesTest.vcxproj", "{7376E346-1624-4BA6-9799-AD1F54F7F177}"
	ProjectSection(ProjectDependencies) = postProject
		{AFB997C0-FF5E-4894-84AF-C57003862646} = {AFB997C0-FF5E-4894-84AF-C57003862646}
		{F69942F5-6D7F-4DC6-A604-C7AA83A3F9B0} = {F69942F5-6D7F-4DC6-A604-C7AA83A3F9B0}
	EndProjectSection
EndProject
Project("{8BC9CEB8-8B4A-11D0-8D11-00A0C91BC942}") = "MediaImagesTesting", "..\plugins-dev\MediaImagesTesting\MediaImagesTesting.vcxproj", "{BE561911-C146-4AF1-A5A7-97C352C5FB49}"
EndProject
Project("{8BC9CEB8-8B4A-11D0-8D11-00A0C91BC942}") = "MediaStreaming", "..\MediaStreaming\MediaStreaming\MediaStreaming.vcxproj", "{285CA905-AC26-412C-A358-A49D570286AE}"
EndProject
Project("{8BC9CEB8-8B4A-11D0-8D11-00A0C91BC942}") = "MediaStreamingUnitTests", "..\MediaStreaming\MediaStreamingUnitTests\MediaStreamingUnitTests.vcxproj", "{6DD20CED-7E11-4A3A-BC00-BA2E1B950AC4}"
EndProject
Project("{8BC9CEB8-8B4A-11D0-8D11-00A0C91BC942}") = "ErrorLogger", "..\ErrorLogger\ErrorLogger.vcxproj", "{B3C985D0-399F-44AB-914A-B69D3A92C846}"
EndProject
Project("{8BC9CEB8-8B4A-11D0-8D11-00A0C91BC942}") = "EmailChecker", "..\plugins-dev\EmailChecker\EmailChecker\EmailChecker.vcxproj", "{6BEDE86F-9C25-4BB6-ADFB-DDAA9B198F42}"
EndProject
Project("{8BC9CEB8-8B4A-11D0-8D11-00A0C91BC942}") = "Tasker", "..\plugins-dev\Tasker\Tasker.vcxproj", "{2D4D50D6-9E87-4232-A258-0A861EE602C5}"
	ProjectSection(ProjectDependencies) = postProject
		{AFB997C0-FF5E-4894-84AF-C57003862646} = {AFB997C0-FF5E-4894-84AF-C57003862646}
	EndProjectSection
EndProject
Global
	GlobalSection(SolutionConfigurationPlatforms) = preSolution
		Debug|Win32 = Debug|Win32
		Debug|x64 = Debug|x64
		Release|Win32 = Release|Win32
		Release|x64 = Release|x64
	EndGlobalSection
	GlobalSection(ProjectConfigurationPlatforms) = postSolution
		{F69942F5-6D7F-4DC6-A604-C7AA83A3F9B0}.Debug|Win32.ActiveCfg = Debug|Win32
		{F69942F5-6D7F-4DC6-A604-C7AA83A3F9B0}.Debug|Win32.Build.0 = Debug|Win32
		{F69942F5-6D7F-4DC6-A604-C7AA83A3F9B0}.Debug|x64.ActiveCfg = Debug|Win32
		{F69942F5-6D7F-4DC6-A604-C7AA83A3F9B0}.Release|Win32.ActiveCfg = Release|Win32
		{F69942F5-6D7F-4DC6-A604-C7AA83A3F9B0}.Release|Win32.Build.0 = Release|Win32
		{F69942F5-6D7F-4DC6-A604-C7AA83A3F9B0}.Release|x64.ActiveCfg = Release|Win32
		{A80FE131-BA4E-4427-9641-3C093CEB3772}.Debug|Win32.ActiveCfg = Debug|Win32
		{A80FE131-BA4E-4427-9641-3C093CEB3772}.Debug|Win32.Build.0 = Debug|Win32
		{A80FE131-BA4E-4427-9641-3C093CEB3772}.Debug|x64.ActiveCfg = Debug|Win32
		{A80FE131-BA4E-4427-9641-3C093CEB3772}.Release|Win32.ActiveCfg = Release|Win32
		{A80FE131-BA4E-4427-9641-3C093CEB3772}.Release|Win32.Build.0 = Release|Win32
		{A80FE131-BA4E-4427-9641-3C093CEB3772}.Release|x64.ActiveCfg = Release|Win32
		{AFB997C0-FF5E-4894-84AF-C57003862646}.Debug|Win32.ActiveCfg = Debug|Win32
		{AFB997C0-FF5E-4894-84AF-C57003862646}.Debug|Win32.Build.0 = Debug|Win32
		{AFB997C0-FF5E-4894-84AF-C57003862646}.Debug|x64.ActiveCfg = Debug|Win32
		{AFB997C0-FF5E-4894-84AF-C57003862646}.Release|Win32.ActiveCfg = Release|Win32
		{AFB997C0-FF5E-4894-84AF-C57003862646}.Release|Win32.Build.0 = Release|Win32
		{AFB997C0-FF5E-4894-84AF-C57003862646}.Release|x64.ActiveCfg = Release|Win32
		{F84C2633-0087-4D16-8848-36922481B458}.Debug|Win32.ActiveCfg = Debug|Win32
		{F84C2633-0087-4D16-8848-36922481B458}.Debug|Win32.Build.0 = Debug|Win32
		{F84C2633-0087-4D16-8848-36922481B458}.Debug|x64.ActiveCfg = Debug|Win32
		{F84C2633-0087-4D16-8848-36922481B458}.Release|Win32.ActiveCfg = Release|Win32
		{F84C2633-0087-4D16-8848-36922481B458}.Release|Win32.Build.0 = Release|Win32
		{F84C2633-0087-4D16-8848-36922481B458}.Release|x64.ActiveCfg = Release|Win32
		{15420602-18D1-45ED-A955-126C313917FE}.Debug|Win32.ActiveCfg = Debug|Win32
		{15420602-18D1-45ED-A955-126C313917FE}.Debug|Win32.Build.0 = Debug|Win32
		{15420602-18D1-45ED-A955-126C313917FE}.Debug|x64.ActiveCfg = Debug|Win32
		{15420602-18D1-45ED-A955-126C313917FE}.Release|Win32.ActiveCfg = Release|Win32
		{15420602-18D1-45ED-A955-126C313917FE}.Release|Win32.Build.0 = Release|Win32
		{15420602-18D1-45ED-A955-126C313917FE}.Release|x64.ActiveCfg = Release|Win32
		{7376E346-1624-4BA6-9799-AD1F54F7F177}.Debug|Win32.ActiveCfg = Debug|Win32
		{7376E346-1624-4BA6-9799-AD1F54F7F177}.Debug|Win32.Build.0 = Debug|Win32
		{7376E346-1624-4BA6-9799-AD1F54F7F177}.Debug|x64.ActiveCfg = Debug|Win32
		{7376E346-1624-4BA6-9799-AD1F54F7F177}.Release|Win32.ActiveCfg = Release|Win32
		{7376E346-1624-4BA6-9799-AD1F54F7F177}.Release|Win32.Build.0 = Release|Win32
		{7376E346-1624-4BA6-9799-AD1F54F7F177}.Release|x64.ActiveCfg = Release|Win32
		{BE561911-C146-4AF1-A5A7-97C352C5FB49}.Debug|Win32.ActiveCfg = Debug|Win32
		{BE561911-C146-4AF1-A5A7-97C352C5FB49}.Debug|Win32.Build.0 = Debug|Win32
		{BE561911-C146-4AF1-A5A7-97C352C5FB49}.Debug|x64.ActiveCfg = Debug|Win32
		{BE561911-C146-4AF1-A5A7-97C352C5FB49}.Release|Win32.ActiveCfg = Release|Win32
		{BE561911-C146-4AF1-A5A7-97C352C5FB49}.Release|Win32.Build.0 = Release|Win32
		{BE561911-C146-4AF1-A5A7-97C352C5FB49}.Release|x64.ActiveCfg = Release|Win32
		{285CA905-AC26-412C-A358-A49D570286AE}.Debug|Win32.ActiveCfg = Debug|Win32
		{285CA905-AC26-412C-A358-A49D570286AE}.Debug|Win32.Build.0 = Debug|Win32
		{285CA905-AC26-412C-A358-A49D570286AE}.Debug|x64.ActiveCfg = Debug|Win32
		{285CA905-AC26-412C-A358-A49D570286AE}.Release|Win32.ActiveCfg = Release|Win32
		{285CA905-AC26-412C-A358-A49D570286AE}.Release|Win32.Build.0 = Release|Win32
		{285CA905-AC26-412C-A358-A49D570286AE}.Release|x64.ActiveCfg = Release|Win32
		{6DD20CED-7E11-4A3A-BC00-BA2E1B950AC4}.Debug|Win32.ActiveCfg = Debug|Win32
		{6DD20CED-7E11-4A3A-BC00-BA2E1B950AC4}.Debug|Win32.Build.0 = Debug|Win32
		{6DD20CED-7E11-4A3A-BC00-BA2E1B950AC4}.Debug|x64.ActiveCfg = Debug|Win32
		{6DD20CED-7E11-4A3A-BC00-BA2E1B950AC4}.Release|Win32.ActiveCfg = Release|Win32
		{6DD20CED-7E11-4A3A-BC00-BA2E1B950AC4}.Release|Win32.Build.0 = Release|Win32
		{6DD20CED-7E11-4A3A-BC00-BA2E1B950AC4}.Release|x64.ActiveCfg = Release|Win32
		{B3C985D0-399F-44AB-914A-B69D3A92C846}.Debug|Win32.ActiveCfg = Debug|Win32
		{B3C985D0-399F-44AB-914A-B69D3A92C846}.Debug|Win32.Build.0 = Debug|Win32
		{B3C985D0-399F-44AB-914A-B69D3A92C846}.Debug|x64.ActiveCfg = Debug|Win32
		{B3C985D0-399F-44AB-914A-B69D3A92C846}.Release|Win32.ActiveCfg = Release|Win32
		{B3C985D0-399F-44AB-914A-B69D3A92C846}.Release|Win32.Build.0 = Release|Win32
		{B3C985D0-399F-44AB-914A-B69D3A92C846}.Release|x64.ActiveCfg = Release|Win32
		{6BEDE86F-9C25-4BB6-ADFB-DDAA9B198F42}.Debug|Win32.ActiveCfg = Debug|Win32
		{6BEDE86F-9C25-4BB6-ADFB-DDAA9B198F42}.Debug|Win32.Build.0 = Debug|Win32
		{6BEDE86F-9C25-4BB6-ADFB-DDAA9B198F42}.Debug|x64.ActiveCfg = Debug|x64
		{6BEDE86F-9C25-4BB6-ADFB-DDAA9B198F42}.Debug|x64.Build.0 = Debug|x64
		{6BEDE86F-9C25-4BB6-ADFB-DDAA9B198F42}.Release|Win32.ActiveCfg = Release|Win32
		{6BEDE86F-9C25-4BB6-ADFB-DDAA9B198F42}.Release|Win32.Build.0 = Release|Win32
		{6BEDE86F-9C25-4BB6-ADFB-DDAA9B198F42}.Release|x64.ActiveCfg = Release|x64
		{6BEDE86F-9C25-4BB6-ADFB-DDAA9B198F42}.Release|x64.Build.0 = Release|x64
		{2D4D50D6-9E87-4232-A258-0A861EE602C5}.Debug|Win32.ActiveCfg = Debug|Win32
		{2D4D50D6-9E87-4232-A258-0A861EE602C5}.Debug|Win32.Build.0 = Debug|Win32
		{2D4D50D6-9E87-4232-A258-0A861EE602C5}.Debug|x64.ActiveCfg = Debug|x64
		{2D4D50D6-9E87-4232-A258-0A861EE602C5}.Debug|x64.Build.0 = Debug|x64
		{2D4D50D6-9E87-4232-A258-0A861EE602C5}.Release|Win32.ActiveCfg = Release|Win32
		{2D4D50D6-9E87-4232-A258-0A861EE602C5}.Release|Win32.Build.0 = Release|Win32
		{2D4D50D6-9E87-4232-A258-0A861EE602C5}.Release|x64.ActiveCfg = Release|x64
		{2D4D50D6-9E87-4232-A258-0A861EE602C5}.Release|x64.Build.0 = Release|x64
	EndGlobalSection
	GlobalSection(SolutionProperties) = preSolution
		HideSolutionNode = FALSE
	EndGlobalSection
EndGlobal
