
Microsoft Visual Studio Solution File, Format Version 11.00
# Visual Studio 2010
Project("{8BC9CEB8-8B4A-11D0-8D11-00A0C91BC942}") = "JARVIS", "JARVIS.vcxproj", "{F69942F5-6D7F-4DC6-A604-C7AA83A3F9B0}"
	ProjectSection(ProjectDependencies) = postProject
		{AFB997C0-FF5E-4894-84AF-C57003862646} = {AFB997C0-FF5E-4894-84AF-C57003862646}
	EndProjectSection
EndProject
Project("{8BC9CEB8-8B4A-11D0-8D11-00A0C91BC942}") = "MediaImages", "..\plugins-dev\MediaImages\MediaImages.vcxproj", "{A80FE131-BA4E-4427-9641-3C093CEB3772}"
	ProjectSection(ProjectDependencies) = postProject
		{AFB997C0-FF5E-4894-84AF-C57003862646} = {AFB997C0-FF5E-4894-84AF-C57003862646}
		{F69942F5-6D7F-4DC6-A604-C7AA83A3F9B0} = {F69942F5-6D7F-4DC6-A604-C7AA83A3F9B0}
	EndProjectSection
EndProject
Project("{8BC9CEB8-8B4A-11D0-8D11-00A0C91BC942}") = "JARVISCoreModules", "..\JARVISCoreModules\JARVISCoreModules.vcxproj", "{AFB997C0-FF5E-4894-84AF-C57003862646}"
EndProject
Project("{8BC9CEB8-8B4A-11D0-8D11-00A0C91BC942}") = "CommsCoreModulesTests", "..\Tests\CommsCoreModulesTests\CommsCoreModulesTests.vcxproj", "{F84C2633-0087-4D16-8848-36922481B458}"
EndProject
Project("{8BC9CEB8-8B4A-11D0-8D11-00A0C91BC942}") = "DatabaseCoreModulesTests", "..\Tests\DatabaseCoreModulesTests\DatabaseCoreModulesTests.vcxproj", "{15420602-18D1-45ED-A955-126C313917FE}"
EndProject
Project("{8BC9CEB8-8B4A-11D0-8D11-00A0C91BC942}") = "HTMLCoreModulesTest", "..\Tests\HTMLCoreModulesTest\HTMLCoreModulesTest.vcxproj", "{7376E346-1624-4BA6-9799-AD1F54F7F177}"
EndProject
Global
	GlobalSection(SolutionConfigurationPlatforms) = preSolution
		Debug|Win32 = Debug|Win32
		Release|Win32 = Release|Win32
	EndGlobalSection
	GlobalSection(ProjectConfigurationPlatforms) = postSolution
		{F69942F5-6D7F-4DC6-A604-C7AA83A3F9B0}.Debug|Win32.ActiveCfg = Debug|Win32
		{F69942F5-6D7F-4DC6-A604-C7AA83A3F9B0}.Debug|Win32.Build.0 = Debug|Win32
		{F69942F5-6D7F-4DC6-A604-C7AA83A3F9B0}.Release|Win32.ActiveCfg = Release|Win32
		{F69942F5-6D7F-4DC6-A604-C7AA83A3F9B0}.Release|Win32.Build.0 = Release|Win32
		{A80FE131-BA4E-4427-9641-3C093CEB3772}.Debug|Win32.ActiveCfg = Debug|Win32
		{A80FE131-BA4E-4427-9641-3C093CEB3772}.Debug|Win32.Build.0 = Debug|Win32
		{A80FE131-BA4E-4427-9641-3C093CEB3772}.Release|Win32.ActiveCfg = Release|Win32
		{A80FE131-BA4E-4427-9641-3C093CEB3772}.Release|Win32.Build.0 = Release|Win32
		{AFB997C0-FF5E-4894-84AF-C57003862646}.Debug|Win32.ActiveCfg = Debug|Win32
		{AFB997C0-FF5E-4894-84AF-C57003862646}.Debug|Win32.Build.0 = Debug|Win32
		{AFB997C0-FF5E-4894-84AF-C57003862646}.Release|Win32.ActiveCfg = Release|Win32
		{AFB997C0-FF5E-4894-84AF-C57003862646}.Release|Win32.Build.0 = Release|Win32
		{F84C2633-0087-4D16-8848-36922481B458}.Debug|Win32.ActiveCfg = Debug|Win32
		{F84C2633-0087-4D16-8848-36922481B458}.Debug|Win32.Build.0 = Debug|Win32
		{F84C2633-0087-4D16-8848-36922481B458}.Release|Win32.ActiveCfg = Release|Win32
		{F84C2633-0087-4D16-8848-36922481B458}.Release|Win32.Build.0 = Release|Win32
		{15420602-18D1-45ED-A955-126C313917FE}.Debug|Win32.ActiveCfg = Debug|Win32
		{15420602-18D1-45ED-A955-126C313917FE}.Debug|Win32.Build.0 = Debug|Win32
		{15420602-18D1-45ED-A955-126C313917FE}.Release|Win32.ActiveCfg = Release|Win32
		{15420602-18D1-45ED-A955-126C313917FE}.Release|Win32.Build.0 = Release|Win32
		{7376E346-1624-4BA6-9799-AD1F54F7F177}.Debug|Win32.ActiveCfg = Debug|Win32
		{7376E346-1624-4BA6-9799-AD1F54F7F177}.Debug|Win32.Build.0 = Debug|Win32
		{7376E346-1624-4BA6-9799-AD1F54F7F177}.Release|Win32.ActiveCfg = Release|Win32
		{7376E346-1624-4BA6-9799-AD1F54F7F177}.Release|Win32.Build.0 = Release|Win32
	EndGlobalSection
	GlobalSection(SolutionProperties) = preSolution
		HideSolutionNode = FALSE
	EndGlobalSection
EndGlobal
