<?xml version="1.0" encoding="utf-8"?>
<Project ToolsVersion="4.0" xmlns="http://schemas.microsoft.com/developer/msbuild/2003">
  <ItemGroup>
    <Filter Include="Source Files">
      <UniqueIdentifier>{4FC737F1-C7A5-4376-A066-2A32D752A2FF}</UniqueIdentifier>
      <Extensions>cpp;c;cc;cxx;def;odl;idl;hpj;bat;asm;asmx</Extensions>
    </Filter>
    <Filter Include="Header Files">
      <UniqueIdentifier>{93995380-89BD-4b04-88EB-625FBE52EBFB}</UniqueIdentifier>
      <Extensions>h;hpp;hxx;hm;inl;inc;xsd</Extensions>
    </Filter>
    <Filter Include="Resource Files">
      <UniqueIdentifier>{67DA6AB6-F800-4c08-8B7A-83BB121AAD01}</UniqueIdentifier>
      <Extensions>rc;ico;cur;bmp;dlg;rc2;rct;bin;rgs;gif;jpg;jpeg;jpe;resx;tiff;tif;png;wav;mfcribbon-ms</Extensions>
    </Filter>
  </ItemGroup>
  <ItemGroup>
    <ClCompile Include="TextFileDeployer.cpp">
      <Filter>Source Files</Filter>
    </ClCompile>
    <ClCompile Include="TextFileDeployerPlugin.cpp">
      <Filter>Source Files</Filter>
    </ClCompile>
    <ClCompile Include="Selectors\Selector.cpp">
      <Filter>Source Files</Filter>
    </ClCompile>
    <ClCompile Include="InputWrapper.cpp">
      <Filter>Source Files</Filter>
    </ClCompile>
    <ClCompile Include="Stripper\Stripper.cpp">
      <Filter>Source Files</Filter>
    </ClCompile>
    <ClCompile Include="Selectors\SpaceSelector\SpaceSelector.cpp">
      <Filter>Source Files</Filter>
    </ClCompile>
    <ClCompile Include="Selectors\SpaceSelector\ConsecutiveSpaceSelectionCreator.cpp">
      <Filter>Source Files</Filter>
    </ClCompile>
    <ClCompile Include="InputCharWrapper.cpp">
      <Filter>Source Files</Filter>
    </ClCompile>
    <ClCompile Include="SelectorsRunner.cpp">
      <Filter>Source Files</Filter>
    </ClCompile>
    <ClCompile Include="Selectors\CommentSelector.cpp">
      <Filter>Source Files</Filter>
    </ClCompile>
    <ClCompile Include="Selectors\NewlineSelector.cpp">
      <Filter>Source Files</Filter>
    </ClCompile>
    <ClCompile Include="Selectors\Commen\TokenFinder.cpp">
      <Filter>Source Files</Filter>
    </ClCompile>
    <ClCompile Include="Languages\Javascript.cpp">
      <Filter>Source Files</Filter>
    </ClCompile>
    <ClCompile Include="Languages\Css.cpp">
      <Filter>Source Files</Filter>
    </ClCompile>
    <ClCompile Include="Languages\Xml.cpp">
      <Filter>Source Files</Filter>
    </ClCompile>
    <ClCompile Include="Languages\Language.cpp">
      <Filter>Source Files</Filter>
    </ClCompile>
    <ClCompile Include="Selections\Selection.cpp">
      <Filter>Source Files</Filter>
    </ClCompile>
    <ClCompile Include="Selections\Selections.cpp">
      <Filter>Source Files</Filter>
    </ClCompile>
  </ItemGroup>
  <ItemGroup>
    <ClInclude Include="TextFileDeployer.h">
      <Filter>Header Files</Filter>
    </ClInclude>
    <ClInclude Include="TextFileDeployerPlugin.h">
      <Filter>Header Files</Filter>
    </ClInclude>
    <ClInclude Include="Selectors\BlockCommentStripper.h">
      <Filter>Header Files</Filter>
    </ClInclude>
    <ClInclude Include="Selectors\LinecommentStripper.h">
      <Filter>Header Files</Filter>
    </ClInclude>
    <ClInclude Include="Selectors\NewlineStripper.h">
      <Filter>Header Files</Filter>
    </ClInclude>
    <ClInclude Include="Selectors\Selector.h">
      <Filter>Header Files</Filter>
    </ClInclude>
    <ClInclude Include="InputWrapper.h">
      <Filter>Header Files</Filter>
    </ClInclude>
    <ClInclude Include="Stripper\Stripper.h">
      <Filter>Header Files</Filter>
    </ClInclude>
    <ClInclude Include="Selectors\SpaceSelector\SpaceSelector.h">
      <Filter>Header Files</Filter>
    </ClInclude>
    <ClInclude Include="Selectors\SpaceSelector\ConsecutiveSpaceSelectionCreator.h">
      <Filter>Header Files</Filter>
    </ClInclude>
    <ClInclude Include="InputCharWrapper.h">
      <Filter>Header Files</Filter>
    </ClInclude>
    <ClInclude Include="SelectorsRunner.h">
      <Filter>Header Files</Filter>
    </ClInclude>
    <ClInclude Include="Selectors\CommentSelector.h">
      <Filter>Header Files</Filter>
    </ClInclude>
    <ClInclude Include="Selectors\NewlineSelector.h">
      <Filter>Header Files</Filter>
    </ClInclude>
    <ClInclude Include="Selectors\Commen\TokenFinder.h">
      <Filter>Header Files</Filter>
    </ClInclude>
    <ClInclude Include="Languages\Javascript.h">
      <Filter>Header Files</Filter>
    </ClInclude>
    <ClInclude Include="Languages\Css.h">
      <Filter>Header Files</Filter>
    </ClInclude>
    <ClInclude Include="Languages\Xml.h">
      <Filter>Header Files</Filter>
    </ClInclude>
    <ClInclude Include="Languages\Language.h">
      <Filter>Header Files</Filter>
    </ClInclude>
    <ClInclude Include="Selections\Selection.h">
      <Filter>Header Files</Filter>
    </ClInclude>
    <ClInclude Include="Selections\Selections.h">
      <Filter>Header Files</Filter>
    </ClInclude>
  </ItemGroup>
</Project>