
Microsoft Visual Studio Solution File, Format Version 11.00
# Visual Studio 2010
Project("{8BC9CEB8-8B4A-11D0-8D11-00A0C91BC942}") = "LogViewer", "LogViewer.vcxproj", "{0D14E078-E5D4-481D-B45C-8512355C9C63}"
EndProject
Project("{8BC9CEB8-8B4A-11D0-8D11-00A0C91BC942}") = "JARVISCoreModules", "..\..\JARVISCoreModules\JARVISCoreModules.vcxproj", "{AFB997C0-FF5E-4894-84AF-C57003862646}"
EndProject
Project("{8BC9CEB8-8B4A-11D0-8D11-00A0C91BC942}") = "LogViewerTests", "Testing\LogViewerTests\LogViewerTests.vcxproj", "{FD1845C7-42F9-4E4A-9AEF-665506240029}"
EndProject
Global
	GlobalSection(SolutionConfigurationPlatforms) = preSolution
		Debug|Win32 = Debug|Win32
		Release|Win32 = Release|Win32
	EndGlobalSection
	GlobalSection(ProjectConfigurationPlatforms) = postSolution
		{0D14E078-E5D4-481D-B45C-8512355C9C63}.Debug|Win32.ActiveCfg = Debug|Win32
		{0D14E078-E5D4-481D-B45C-8512355C9C63}.Debug|Win32.Build.0 = Debug|Win32
		{0D14E078-E5D4-481D-B45C-8512355C9C63}.Release|Win32.ActiveCfg = Release|Win32
		{0D14E078-E5D4-481D-B45C-8512355C9C63}.Release|Win32.Build.0 = Release|Win32
		{AFB997C0-FF5E-4894-84AF-C57003862646}.Debug|Win32.ActiveCfg = Debug|Win32
		{AFB997C0-FF5E-4894-84AF-C57003862646}.Debug|Win32.Build.0 = Debug|Win32
		{AFB997C0-FF5E-4894-84AF-C57003862646}.Release|Win32.ActiveCfg = Release|Win32
		{AFB997C0-FF5E-4894-84AF-C57003862646}.Release|Win32.Build.0 = Release|Win32
		{FD1845C7-42F9-4E4A-9AEF-665506240029}.Debug|Win32.ActiveCfg = Debug|Win32
		{FD1845C7-42F9-4E4A-9AEF-665506240029}.Debug|Win32.Build.0 = Debug|Win32
		{FD1845C7-42F9-4E4A-9AEF-665506240029}.Release|Win32.ActiveCfg = Release|Win32
		{FD1845C7-42F9-4E4A-9AEF-665506240029}.Release|Win32.Build.0 = Release|Win32
	EndGlobalSection
	GlobalSection(SolutionProperties) = preSolution
		HideSolutionNode = FALSE
	EndGlobalSection
EndGlobal
